
Microsoft Visual Studio Solution File, Format Version 12.00
# Visual Studio Version 16
VisualStudioVersion = 16.0.31424.327
MinimumVisualStudioVersion = 10.0.40219.1
Project("{FAE04EC0-301F-11D3-BF4B-00C04F79EFBC}") = "CSHARP basic program", "CSHARP basic program\CSHARP basic program.csproj", "{37087A8B-422F-45CE-AFDD-7341DCCFB41C}"
EndProject
Global
	GlobalSection(SolutionConfigurationPlatforms) = preSolution
		Debug|Any CPU = Debug|Any CPU
		Release|Any CPU = Release|Any CPU
	EndGlobalSection
	GlobalSection(ProjectConfigurationPlatforms) = postSolution
		{37087A8B-422F-45CE-AFDD-7341DCCFB41C}.Debug|Any CPU.ActiveCfg = Debug|Any CPU
		{37087A8B-422F-45CE-AFDD-7341DCCFB41C}.Debug|Any CPU.Build.0 = Debug|Any CPU
		{37087A8B-422F-45CE-AFDD-7341DCCFB41C}.Release|Any CPU.ActiveCfg = Release|Any CPU
		{37087A8B-422F-45CE-AFDD-7341DCCFB41C}.Release|Any CPU.Build.0 = Release|Any CPU
	EndGlobalSection
	GlobalSection(SolutionProperties) = preSolution
		HideSolutionNode = FALSE
	EndGlobalSection
	GlobalSection(ExtensibilityGlobals) = postSolution
		SolutionGuid = {22F42C61-11FB-408C-B3A4-C28F47F716A6}
	EndGlobalSection
EndGlobal
